
Microsoft Visual Studio Solution File, Format Version 12.00
# Visual Studio 15
Project("{FAE04EC0-301F-11D3-BF4B-00C04F79EFBC}") = "Assembly-CSharp", "Assembly-CSharp.csproj", "{D445EB67-3496-43DF-385C-1388577C2EB6}"
EndProject
Project("{FAE04EC0-301F-11D3-BF4B-00C04F79EFBC}") = "Assembly-CSharp-firstpass", "Assembly-CSharp-firstpass.csproj", "{0AD95A41-C43D-3A09-3C58-77CB9524270B}"
EndProject
Project("{FAE04EC0-301F-11D3-BF4B-00C04F79EFBC}") = "Assembly-CSharp-Editor", "Assembly-CSharp-Editor.csproj", "{51264427-66E2-D8E0-365D-4864C95C76BB}"
EndProject
Global
	GlobalSection(SolutionConfigurationPlatforms) = preSolution
		Debug|Any CPU = Debug|Any CPU
		Release|Any CPU = Release|Any CPU
	EndGlobalSection
	GlobalSection(ProjectConfigurationPlatforms) = postSolution
		{D445EB67-3496-43DF-385C-1388577C2EB6}.Debug|Any CPU.ActiveCfg = Debug|Any CPU
		{D445EB67-3496-43DF-385C-1388577C2EB6}.Debug|Any CPU.Build.0 = Debug|Any CPU
		{D445EB67-3496-43DF-385C-1388577C2EB6}.Release|Any CPU.ActiveCfg = Release|Any CPU
		{D445EB67-3496-43DF-385C-1388577C2EB6}.Release|Any CPU.Build.0 = Release|Any CPU
		{0AD95A41-C43D-3A09-3C58-77CB9524270B}.Debug|Any CPU.ActiveCfg = Debug|Any CPU
		{0AD95A41-C43D-3A09-3C58-77CB9524270B}.Debug|Any CPU.Build.0 = Debug|Any CPU
		{0AD95A41-C43D-3A09-3C58-77CB9524270B}.Release|Any CPU.ActiveCfg = Release|Any CPU
		{0AD95A41-C43D-3A09-3C58-77CB9524270B}.Release|Any CPU.Build.0 = Release|Any CPU
		{51264427-66E2-D8E0-365D-4864C95C76BB}.Debug|Any CPU.ActiveCfg = Debug|Any CPU
		{51264427-66E2-D8E0-365D-4864C95C76BB}.Debug|Any CPU.Build.0 = Debug|Any CPU
		{51264427-66E2-D8E0-365D-4864C95C76BB}.Release|Any CPU.ActiveCfg = Release|Any CPU
		{51264427-66E2-D8E0-365D-4864C95C76BB}.Release|Any CPU.Build.0 = Release|Any CPU
	EndGlobalSection
	GlobalSection(SolutionProperties) = preSolution
		HideSolutionNode = FALSE
	EndGlobalSection
EndGlobal
